
Microsoft Visual Studio Solution File, Format Version 12.00
Project("{FAE04EC0-301F-11D3-BF4B-00C04F79EFBC}") = "MyBlog", "MyBlog.csproj", "{AA05B8B9-4524-49CF-8685-379AFC2F3736}"
EndProject
Global
	GlobalSection(SolutionConfigurationPlatforms) = preSolution
		Debug|Any CPU = Debug|Any CPU
		Release|Any CPU = Release|Any CPU
	EndGlobalSection
	GlobalSection(ProjectConfigurationPlatforms) = postSolution
		{AA05B8B9-4524-49CF-8685-379AFC2F3736}.Debug|Any CPU.ActiveCfg = Debug|Any CPU
		{AA05B8B9-4524-49CF-8685-379AFC2F3736}.Debug|Any CPU.Build.0 = Debug|Any CPU
		{AA05B8B9-4524-49CF-8685-379AFC2F3736}.Release|Any CPU.ActiveCfg = Release|Any CPU
		{AA05B8B9-4524-49CF-8685-379AFC2F3736}.Release|Any CPU.Build.0 = Release|Any CPU
	EndGlobalSection
EndGlobal
